// !$*UTF8*$!
{
	archiveVersion = 1;
	classes = {
	};
	objectVersion = 55;
	objects = {

/* Begin PBXBuildFile section */
		D2F79E6129A0B11A00A06BAA /* AppDelegate.swift in Sources */ = {isa = PBXBuildFile; fileRef = D2F79E6029A0B11A00A06BAA /* AppDelegate.swift */; };
		D2F79E6329A0B11A00A06BAA /* SceneDelegate.swift in Sources */ = {isa = PBXBuildFile; fileRef = D2F79E6229A0B11A00A06BAA /* SceneDelegate.swift */; };
		D2F79E6529A0B11A00A06BAA /* ViewController.swift in Sources */ = {isa = PBXBuildFile; fileRef = D2F79E6429A0B11A00A06BAA /* ViewController.swift */; };
		D2F79E6829A0B11A00A06BAA /* Main.storyboard in Resources */ = {isa = PBXBuildFile; fileRef = D2F79E6629A0B11A00A06BAA /* Main.storyboard */; };
		D2F79E6A29A0B11B00A06BAA /* Assets.xcassets in Resources */ = {isa = PBXBuildFile; fileRef = D2F79E6929A0B11B00A06BAA /* Assets.xcassets */; };
		D2F79E6D29A0B11B00A06BAA /* LaunchScreen.storyboard in Resources */ = {isa = PBXBuildFile; fileRef = D2F79E6B29A0B11B00A06BAA /* LaunchScreen.storyboard */; };
		D2F79E7529A0B32C00A06BAA /* EmployeeApiCall.swift in Sources */ = {isa = PBXBuildFile; fileRef = D2F79E7429A0B32C00A06BAA /* EmployeeApiCall.swift */; };
		D2F79E7729A0B3DA00A06BAA /* EmployeeModel.swift in Sources */ = {isa = PBXBuildFile; fileRef = D2F79E7629A0B3DA00A06BAA /* EmployeeModel.swift */; };
		D2F79E7929A0B94A00A06BAA /* ProjectModel.swift in Sources */ = {isa = PBXBuildFile; fileRef = D2F79E7829A0B94A00A06BAA /* ProjectModel.swift */; };
		D2F79E7B29A0B97400A06BAA /* ProjectApiCall.swift in Sources */ = {isa = PBXBuildFile; fileRef = D2F79E7A29A0B97400A06BAA /* ProjectApiCall.swift */; };
		D2F79E7D29A0C1B300A06BAA /* SyncResource.swift in Sources */ = {isa = PBXBuildFile; fileRef = D2F79E7C29A0C1B300A06BAA /* SyncResource.swift */; };
/* End PBXBuildFile section */

/* Begin PBXFileReference section */
		D2F79E5D29A0B11A00A06BAA /* SerialApiCall.app */ = {isa = PBXFileReference; explicitFileType = wrapper.application; includeInIndex = 0; path = SerialApiCall.app; sourceTree = BUILT_PRODUCTS_DIR; };
		D2F79E6029A0B11A00A06BAA /* AppDelegate.swift */ = {isa = PBXFileReference; lastKnownFileType = sourcecode.swift; path = AppDelegate.swift; sourceTree = "<group>"; };
		D2F79E6229A0B11A00A06BAA /* SceneDelegate.swift */ = {isa = PBXFileReference; lastKnownFileType = sourcecode.swift; path = SceneDelegate.swift; sourceTree = "<group>"; };
		D2F79E6429A0B11A00A06BAA /* ViewController.swift */ = {isa = PBXFileReference; lastKnownFileType = sourcecode.swift; path = ViewController.swift; sourceTree = "<group>"; };
		D2F79E6729A0B11A00A06BAA /* Base */ = {isa = PBXFileReference; lastKnownFileType = file.storyboard; name = Base; path = Base.lproj/Main.storyboard; sourceTree = "<group>"; };
		D2F79E6929A0B11B00A06BAA /* Assets.xcassets */ = {isa = PBXFileReference; lastKnownFileType = folder.assetcatalog; path = Assets.xcassets; sourceTree = "<group>"; };
		D2F79E6C29A0B11B00A06BAA /* Base */ = {isa = PBXFileReference; lastKnownFileType = file.storyboard; name = Base; path = Base.lproj/LaunchScreen.storyboard; sourceTree = "<group>"; };
		D2F79E6E29A0B11B00A06BAA /* Info.plist */ = {isa = PBXFileReference; lastKnownFileType = text.plist.xml; path = Info.plist; sourceTree = "<group>"; };
		D2F79E7429A0B32C00A06BAA /* EmployeeApiCall.swift */ = {isa = PBXFileReference; lastKnownFileType = sourcecode.swift; path = EmployeeApiCall.swift; sourceTree = "<group>"; };
		D2F79E7629A0B3DA00A06BAA /* EmployeeModel.swift */ = {isa = PBXFileReference; lastKnownFileType = sourcecode.swift; path = EmployeeModel.swift; sourceTree = "<group>"; };
		D2F79E7829A0B94A00A06BAA /* ProjectModel.swift */ = {isa = PBXFileReference; lastKnownFileType = sourcecode.swift; path = ProjectModel.swift; sourceTree = "<group>"; };
		D2F79E7A29A0B97400A06BAA /* ProjectApiCall.swift */ = {isa = PBXFileReference; lastKnownFileType = sourcecode.swift; path = ProjectApiCall.swift; sourceTree = "<group>"; };
		D2F79E7C29A0C1B300A06BAA /* SyncResource.swift */ = {isa = PBXFileReference; lastKnownFileType = sourcecode.swift; path = SyncResource.swift; sourceTree = "<group>"; };
/* End PBXFileReference section */

/* Begin PBXFrameworksBuildPhase section */
		D2F79E5A29A0B11A00A06BAA /* Frameworks */ = {
			isa = PBXFrameworksBuildPhase;
			buildActionMask = 2147483647;
			files = (
			);
			runOnlyForDeploymentPostprocessing = 0;
		};
/* End PBXFrameworksBuildPhase section */

/* Begin PBXGroup section */
		D2F79E5429A0B11A00A06BAA = {
			isa = PBXGroup;
			children = (
				D2F79E5F29A0B11A00A06BAA /* SerialApiCall */,
				D2F79E5E29A0B11A00A06BAA /* Products */,
			);
			sourceTree = "<group>";
		};
		D2F79E5E29A0B11A00A06BAA /* Products */ = {
			isa = PBXGroup;
			children = (
				D2F79E5D29A0B11A00A06BAA /* SerialApiCall.app */,
			);
			name = Products;
			sourceTree = "<group>";
		};
		D2F79E5F29A0B11A00A06BAA /* SerialApiCall */ = {
			isa = PBXGroup;
			children = (
				D2F79E6029A0B11A00A06BAA /* AppDelegate.swift */,
				D2F79E6229A0B11A00A06BAA /* SceneDelegate.swift */,
				D2F79E6429A0B11A00A06BAA /* ViewController.swift */,
				D2F79E7C29A0C1B300A06BAA /* SyncResource.swift */,
				D2F79E7429A0B32C00A06BAA /* EmployeeApiCall.swift */,
				D2F79E7A29A0B97400A06BAA /* ProjectApiCall.swift */,
				D2F79E7629A0B3DA00A06BAA /* EmployeeModel.swift */,
				D2F79E7829A0B94A00A06BAA /* ProjectModel.swift */,
				D2F79E6629A0B11A00A06BAA /* Main.storyboard */,
				D2F79E6929A0B11B00A06BAA /* Assets.xcassets */,
				D2F79E6B29A0B11B00A06BAA /* LaunchScreen.storyboard */,
				D2F79E6E29A0B11B00A06BAA /* Info.plist */,
			);
			path = SerialApiCall;
			sourceTree = "<group>";
		};
/* End PBXGroup section */

/* Begin PBXNativeTarget section */
		D2F79E5C29A0B11A00A06BAA /* SerialApiCall */ = {
			isa = PBXNativeTarget;
			buildConfigurationList = D2F79E7129A0B11B00A06BAA /* Build configuration list for PBXNativeTarget "SerialApiCall" */;
			buildPhases = (
				D2F79E5929A0B11A00A06BAA /* Sources */,
				D2F79E5A29A0B11A00A06BAA /* Frameworks */,
				D2F79E5B29A0B11A00A06BAA /* Resources */,
			);
			buildRules = (
			);
			dependencies = (
			);
			name = SerialApiCall;
			productName = SerialApiCall;
			productReference = D2F79E5D29A0B11A00A06BAA /* SerialApiCall.app */;
			productType = "com.apple.product-type.application";
		};
/* End PBXNativeTarget section */

/* Begin PBXProject section */
		D2F79E5529A0B11A00A06BAA /* Project object */ = {
			isa = PBXProject;
			attributes = {
				BuildIndependentTargetsInParallel = 1;
				LastSwiftUpdateCheck = 1340;
				LastUpgradeCheck = 1340;
				TargetAttributes = {
					D2F79E5C29A0B11A00A06BAA = {
						CreatedOnToolsVersion = 13.4.1;
					};
				};
			};
			buildConfigurationList = D2F79E5829A0B11A00A06BAA /* Build configuration list for PBXProject "SerialApiCall" */;
			compatibilityVersion = "Xcode 13.0";
			developmentRegion = en;
			hasScannedForEncodings = 0;
			knownRegions = (
				en,
				Base,
			);
			mainGroup = D2F79E5429A0B11A00A06BAA;
			productRefGroup = D2F79E5E29A0B11A00A06BAA /* Products */;
			projectDirPath = "";
			projectRoot = "";
			targets = (
				D2F79E5C29A0B11A00A06BAA /* SerialApiCall */,
			);
		};
/* End PBXProject section */

/* Begin PBXResourcesBuildPhase section */
		D2F79E5B29A0B11A00A06BAA /* Resources */ = {
			isa = PBXResourcesBuildPhase;
			buildActionMask = 2147483647;
			files = (
				D2F79E6D29A0B11B00A06BAA /* LaunchScreen.storyboard in Resources */,
				D2F79E6A29A0B11B00A06BAA /* Assets.xcassets in Resources */,
				D2F79E6829A0B11A00A06BAA /* Main.storyboard in Resources */,
			);
			runOnlyForDeploymentPostprocessing = 0;
		};
/* End PBXResourcesBuildPhase section */

/* Begin PBXSourcesBuildPhase section */
		D2F79E5929A0B11A00A06BAA /* Sources */ = {
			isa = PBXSourcesBuildPhase;
			buildActionMask = 2147483647;
			files = (
				D2F79E7B29A0B97400A06BAA /* ProjectApiCall.swift in Sources */,
				D2F79E6529A0B11A00A06BAA /* ViewController.swift in Sources */,
				D2F79E7D29A0C1B300A06BAA /* SyncResource.swift in Sources */,
				D2F79E6129A0B11A00A06BAA /* AppDelegate.swift in Sources */,
				D2F79E7529A0B32C00A06BAA /* EmployeeApiCall.swift in Sources */,
				D2F79E7729A0B3DA00A06BAA /* EmployeeModel.swift in Sources */,
				D2F79E6329A0B11A00A06BAA /* SceneDelegate.swift in Sources */,
				D2F79E7929A0B94A00A06BAA /* ProjectModel.swift in Sources */,
			);
			runOnlyForDeploymentPostprocessing = 0;
		};
/* End PBXSourcesBuildPhase section */

/* Begin PBXVariantGroup section */
		D2F79E6629A0B11A00A06BAA /* Main.storyboard */ = {
			isa = PBXVariantGroup;
			children = (
				D2F79E6729A0B11A00A06BAA /* Base */,
			);
			name = Main.storyboard;
			sourceTree = "<group>";
		};
		D2F79E6B29A0B11B00A06BAA /* LaunchScreen.storyboard */ = {
			isa = PBXVariantGroup;
			children = (
				D2F79E6C29A0B11B00A06BAA /* Base */,
			);
			name = LaunchScreen.storyboard;
			sourceTree = "<group>";
		};
/* End PBXVariantGroup section */

/* Begin XCBuildConfiguration section */
		D2F79E6F29A0B11B00A06BAA /* Debug */ = {
			isa = XCBuildConfiguration;
			buildSettings = {
				ALWAYS_SEARCH_USER_PATHS = NO;
				CLANG_ANALYZER_NONNULL = YES;
				CLANG_ANALYZER_NUMBER_OBJECT_CONVERSION = YES_AGGRESSIVE;
				CLANG_CXX_LANGUAGE_STANDARD = "gnu++17";
				CLANG_ENABLE_MODULES = YES;
				CLANG_ENABLE_OBJC_ARC = YES;
				CLANG_ENABLE_OBJC_WEAK = YES;
				CLANG_WARN_BLOCK_CAPTURE_AUTORELEASING = YES;
				CLANG_WARN_BOOL_CONVERSION = YES;
				CLANG_WARN_COMMA = YES;
				CLANG_WARN_CONSTANT_CONVERSION = YES;
				CLANG_WARN_DEPRECATED_OBJC_IMPLEMENTATIONS = YES;
				CLANG_WARN_DIRECT_OBJC_ISA_USAGE = YES_ERROR;
				CLANG_WARN_DOCUMENTATION_COMMENTS = YES;
				CLANG_WARN_EMPTY_BODY = YES;
				CLANG_WARN_ENUM_CONVERSION = YES;
				CLANG_WARN_INFINITE_RECURSION = YES;
				CLANG_WARN_INT_CONVERSION = YES;
				CLANG_WARN_NON_LITERAL_NULL_CONVERSION = YES;
				CLANG_WARN_OBJC_IMPLICIT_RETAIN_SELF = YES;
				CLANG_WARN_OBJC_LITERAL_CONVERSION = YES;
				CLANG_WARN_OBJC_ROOT_CLASS = YES_ERROR;
				CLANG_WARN_QUOTED_INCLUDE_IN_FRAMEWORK_HEADER = YES;
				CLANG_WARN_RANGE_LOOP_ANALYSIS = YES;
				CLANG_WARN_STRICT_PROTOTYPES = YES;
				CLANG_WARN_SUSPICIOUS_MOVE = YES;
				CLANG_WARN_UNGUARDED_AVAILABILITY = YES_AGGRESSIVE;
				CLANG_WARN_UNREACHABLE_CODE = YES;
				CLANG_WARN__DUPLICATE_METHOD_MATCH = YES;
				COPY_PHASE_STRIP = NO;
				DEBUG_INFORMATION_FORMAT = dwarf;
				ENABLE_STRICT_OBJC_MSGSEND = YES;
				ENABLE_TESTABILITY = YES;
				GCC_C_LANGUAGE_STANDARD = gnu11;
				GCC_DYNAMIC_NO_PIC = NO;
				GCC_NO_COMMON_BLOCKS = YES;
				GCC_OPTIMIZATION_LEVEL = 0;
				GCC_PREPROCESSOR_DEFINITIONS = (
					"DEBUG=1",
					"$(inherited)",
				);
				GCC_WARN_64_TO_32_BIT_CONVERSION = YES;
				GCC_WARN_ABOUT_RETURN_TYPE = YES_ERROR;
				GCC_WARN_UNDECLARED_SELECTOR = YES;
				GCC_WARN_UNINITIALIZED_AUTOS = YES_AGGRESSIVE;
				GCC_WARN_UNUSED_FUNCTION = YES;
				GCC_WARN_UNUSED_VARIABLE = YES;
				IPHONEOS_DEPLOYMENT_TARGET = 15.5;
				MTL_ENABLE_DEBUG_INFO = INCLUDE_SOURCE;
				MTL_FAST_MATH = YES;
				ONLY_ACTIVE_ARCH = YES;
				SDKROOT = iphoneos;
				SWIFT_ACTIVE_COMPILATION_CONDITIONS = DEBUG;
				SWIFT_OPTIMIZATION_LEVEL = "-Onone";
			};
			name = Debug;
		};
		D2F79E7029A0B11B00A06BAA /* Release */ = {
			isa = XCBuildConfiguration;
			buildSettings = {
				ALWAYS_SEARCH_USER_PATHS = NO;
				CLANG_ANALYZER_NONNULL = YES;
				CLANG_ANALYZER_NUMBER_OBJECT_CONVERSION = YES_AGGRESSIVE;
				CLANG_CXX_LANGUAGE_STANDARD = "gnu++17";
				CLANG_ENABLE_MODULES = YES;
				CLANG_ENABLE_OBJC_ARC = YES;
				CLANG_ENABLE_OBJC_WEAK = YES;
				CLANG_WARN_BLOCK_CAPTURE_AUTORELEASING = YES;
				CLANG_WARN_BOOL_CONVERSION = YES;
				CLANG_WARN_COMMA = YES;
				CLANG_WARN_CONSTANT_CONVERSION = YES;
				CLANG_WARN_DEPRECATED_OBJC_IMPLEMENTATIONS = YES;
				CLANG_WARN_DIRECT_OBJC_ISA_USAGE = YES_ERROR;
				CLANG_WARN_DOCUMENTATION_COMMENTS = YES;
				CLANG_WARN_EMPTY_BODY = YES;
				CLANG_WARN_ENUM_CONVERSION = YES;
				CLANG_WARN_INFINITE_RECURSION = YES;
				CLANG_WARN_INT_CONVERSION = YES;
				CLANG_WARN_NON_LITERAL_NULL_CONVERSION = YES;
				CLANG_WARN_OBJC_IMPLICIT_RETAIN_SELF = YES;
				CLANG_WARN_OBJC_LITERAL_CONVERSION = YES;
				CLANG_WARN_OBJC_ROOT_CLASS = YES_ERROR;
				CLANG_WARN_QUOTED_INCLUDE_IN_FRAMEWORK_HEADER = YES;
				CLANG_WARN_RANGE_LOOP_ANALYSIS = YES;
				CLANG_WARN_STRICT_PROTOTYPES = YES;
				CLANG_WARN_SUSPICIOUS_MOVE = YES;
				CLANG_WARN_UNGUARDED_AVAILABILITY = YES_AGGRESSIVE;
				CLANG_WARN_UNREACHABLE_CODE = YES;
				CLANG_WARN__DUPLICATE_METHOD_MATCH = YES;
				COPY_PHASE_STRIP = NO;
				DEBUG_INFORMATION_FORMAT = "dwarf-with-dsym";
				ENABLE_NS_ASSERTIONS = NO;
				ENABLE_STRICT_OBJC_MSGSEND = YES;
				GCC_C_LANGUAGE_STANDARD = gnu11;
				GCC_NO_COMMON_BLOCKS = YES;
				GCC_WARN_64_TO_32_BIT_CONVERSION = YES;
				GCC_WARN_ABOUT_RETURN_TYPE = YES_ERROR;
				GCC_WARN_UNDECLARED_SELECTOR = YES;
				GCC_WARN_UNINITIALIZED_AUTOS = YES_AGGRESSIVE;
				GCC_WARN_UNUSED_FUNCTION = YES;
				GCC_WARN_UNUSED_VARIABLE = YES;
				IPHONEOS_DEPLOYMENT_TARGET = 15.5;
				MTL_ENABLE_DEBUG_INFO = NO;
				MTL_FAST_MATH = YES;
				SDKROOT = iphoneos;
				SWIFT_COMPILATION_MODE = wholemodule;
				SWIFT_OPTIMIZATION_LEVEL = "-O";
				VALIDATE_PRODUCT = YES;
			};
			name = Release;
		};
		D2F79E7229A0B11B00A06BAA /* Debug */ = {
			isa = XCBuildConfiguration;
			buildSettings = {
				ASSETCATALOG_COMPILER_APPICON_NAME = AppIcon;
				ASSETCATALOG_COMPILER_GLOBAL_ACCENT_COLOR_NAME = AccentColor;
				CODE_SIGN_STYLE = Automatic;
				CURRENT_PROJECT_VERSION = 1;
				GENERATE_INFOPLIST_FILE = YES;
				INFOPLIST_FILE = SerialApiCall/Info.plist;
				INFOPLIST_KEY_UIApplicationSupportsIndirectInputEvents = YES;
				INFOPLIST_KEY_UILaunchStoryboardName = LaunchScreen;
				INFOPLIST_KEY_UIMainStoryboardFile = Main;
				INFOPLIST_KEY_UISupportedInterfaceOrientations_iPad = "UIInterfaceOrientationPortrait UIInterfaceOrientationPortraitUpsideDown UIInterfaceOrientationLandscapeLeft UIInterfaceOrientationLandscapeRight";
				INFOPLIST_KEY_UISupportedInterfaceOrientations_iPhone = "UIInterfaceOrientationPortrait UIInterfaceOrientationLandscapeLeft UIInterfaceOrientationLandscapeRight";
				LD_RUNPATH_SEARCH_PATHS = (
					"$(inherited)",
					"@executable_path/Frameworks",
				);
				MARKETING_VERSION = 1.0;
				PRODUCT_BUNDLE_IDENTIFIER = Yash.SerialApiCall;
				PRODUCT_NAME = "$(TARGET_NAME)";
				SWIFT_EMIT_LOC_STRINGS = YES;
				SWIFT_VERSION = 5.0;
				TARGETED_DEVICE_FAMILY = "1,2";
			};
			name = Debug;
		};
		D2F79E7329A0B11B00A06BAA /* Release */ = {
			isa = XCBuildConfiguration;
			buildSettings = {
				ASSETCATALOG_COMPILER_APPICON_NAME = AppIcon;
				ASSETCATALOG_COMPILER_GLOBAL_ACCENT_COLOR_NAME = AccentColor;
				CODE_SIGN_STYLE = Automatic;
				CURRENT_PROJECT_VERSION = 1;
				GENERATE_INFOPLIST_FILE = YES;
				INFOPLIST_FILE = SerialApiCall/Info.plist;
				INFOPLIST_KEY_UIApplicationSupportsIndirectInputEvents = YES;
				INFOPLIST_KEY_UILaunchStoryboardName = LaunchScreen;
				INFOPLIST_KEY_UIMainStoryboardFile = Main;
				INFOPLIST_KEY_UISupportedInterfaceOrientations_iPad = "UIInterfaceOrientationPortrait UIInterfaceOrientationPortraitUpsideDown UIInterfaceOrientationLandscapeLeft UIInterfaceOrientationLandscapeRight";
				INFOPLIST_KEY_UISupportedInterfaceOrientations_iPhone = "UIInterfaceOrientationPortrait UIInterfaceOrientationLandscapeLeft UIInterfaceOrientationLandscapeRight";
				LD_RUNPATH_SEARCH_PATHS = (
					"$(inherited)",
					"@executable_path/Frameworks",
				);
				MARKETING_VERSION = 1.0;
				PRODUCT_BUNDLE_IDENTIFIER = Yash.SerialApiCall;
				PRODUCT_NAME = "$(TARGET_NAME)";
				SWIFT_EMIT_LOC_STRINGS = YES;
				SWIFT_VERSION = 5.0;
				TARGETED_DEVICE_FAMILY = "1,2";
			};
			name = Release;
		};
/* End XCBuildConfiguration section */

/* Begin XCConfigurationList section */
		D2F79E5829A0B11A00A06BAA /* Build configuration list for PBXProject "SerialApiCall" */ = {
			isa = XCConfigurationList;
			buildConfigurations = (
				D2F79E6F29A0B11B00A06BAA /* Debug */,
				D2F79E7029A0B11B00A06BAA /* Release */,
			);
			defaultConfigurationIsVisible = 0;
			defaultConfigurationName = Release;
		};
		D2F79E7129A0B11B00A06BAA /* Build configuration list for PBXNativeTarget "SerialApiCall" */ = {
			isa = XCConfigurationList;
			buildConfigurations = (
				D2F79E7229A0B11B00A06BAA /* Debug */,
				D2F79E7329A0B11B00A06BAA /* Release */,
			);
			defaultConfigurationIsVisible = 0;
			defaultConfigurationName = Release;
		};
/* End XCConfigurationList section */
	};
	rootObject = D2F79E5529A0B11A00A06BAA /* Project object */;
}
